
Microsoft Visual Studio Solution File, Format Version 12.00
# Visual Studio Version 17
VisualStudioVersion = 17.2.32519.379
MinimumVisualStudioVersion = 10.0.40219.1
Project("{FAE04EC0-301F-11D3-BF4B-00C04F79EFBC}") = "AlbumMusique", "AlbumMusique\AlbumMusique.csproj", "{A32C3B94-7488-4A59-A722-C0882BA380F0}"
EndProject
Project("{FAE04EC0-301F-11D3-BF4B-00C04F79EFBC}") = "BO", "BO\BO.csproj", "{8CEAD309-3663-48B8-8A08-E632AD0BB0A8}"
EndProject
Global
	GlobalSection(SolutionConfigurationPlatforms) = preSolution
		Debug|Any CPU = Debug|Any CPU
		Release|Any CPU = Release|Any CPU
	EndGlobalSection
	GlobalSection(ProjectConfigurationPlatforms) = postSolution
		{A32C3B94-7488-4A59-A722-C0882BA380F0}.Debug|Any CPU.ActiveCfg = Debug|Any CPU
		{A32C3B94-7488-4A59-A722-C0882BA380F0}.Debug|Any CPU.Build.0 = Debug|Any CPU
		{A32C3B94-7488-4A59-A722-C0882BA380F0}.Release|Any CPU.ActiveCfg = Release|Any CPU
		{A32C3B94-7488-4A59-A722-C0882BA380F0}.Release|Any CPU.Build.0 = Release|Any CPU
		{8CEAD309-3663-48B8-8A08-E632AD0BB0A8}.Debug|Any CPU.ActiveCfg = Debug|Any CPU
		{8CEAD309-3663-48B8-8A08-E632AD0BB0A8}.Debug|Any CPU.Build.0 = Debug|Any CPU
		{8CEAD309-3663-48B8-8A08-E632AD0BB0A8}.Release|Any CPU.ActiveCfg = Release|Any CPU
		{8CEAD309-3663-48B8-8A08-E632AD0BB0A8}.Release|Any CPU.Build.0 = Release|Any CPU
	EndGlobalSection
	GlobalSection(SolutionProperties) = preSolution
		HideSolutionNode = FALSE
	EndGlobalSection
	GlobalSection(ExtensibilityGlobals) = postSolution
		SolutionGuid = {29D0754D-164C-4D1B-BB05-5B12E290C6A6}
	EndGlobalSection
EndGlobal
