
Microsoft Visual Studio Solution File, Format Version 12.00
# Visual Studio Version 17
VisualStudioVersion = 17.2.32519.379
MinimumVisualStudioVersion = 10.0.40219.1
Project("{FAE04EC0-301F-11D3-BF4B-00C04F79EFBC}") = "TP_mod3_AUTEURS", "TP_mod3_AUTEURS\TP_mod3_AUTEURS.csproj", "{8A536DA8-42FC-4345-ACDD-D8A9ACDAC693}"
EndProject
Global
	GlobalSection(SolutionConfigurationPlatforms) = preSolution
		Debug|Any CPU = Debug|Any CPU
		Release|Any CPU = Release|Any CPU
	EndGlobalSection
	GlobalSection(ProjectConfigurationPlatforms) = postSolution
		{8A536DA8-42FC-4345-ACDD-D8A9ACDAC693}.Debug|Any CPU.ActiveCfg = Debug|Any CPU
		{8A536DA8-42FC-4345-ACDD-D8A9ACDAC693}.Debug|Any CPU.Build.0 = Debug|Any CPU
		{8A536DA8-42FC-4345-ACDD-D8A9ACDAC693}.Release|Any CPU.ActiveCfg = Release|Any CPU
		{8A536DA8-42FC-4345-ACDD-D8A9ACDAC693}.Release|Any CPU.Build.0 = Release|Any CPU
	EndGlobalSection
	GlobalSection(SolutionProperties) = preSolution
		HideSolutionNode = FALSE
	EndGlobalSection
	GlobalSection(ExtensibilityGlobals) = postSolution
		SolutionGuid = {33484914-DCE8-451F-BB49-14476B34A97D}
	EndGlobalSection
EndGlobal
